// !$*UTF8*$!
{
	archiveVersion = 1;
	classes = {
	};
	objectVersion = 46;
	objects = {

/* Begin PBXBuildFile section */
		334CB4964688DB96E010E945 /* libPods.a in Frameworks */ = {isa = PBXBuildFile; fileRef = EE7457355835F6CF3B2857CE /* libPods.a */; };
		AB0C0E941C7C95F2000CB7AD /* GHZeusLibrariesTests.m in Sources */ = {isa = PBXBuildFile; fileRef = AB0C0E931C7C95F2000CB7AD /* GHZeusLibrariesTests.m */; };
		AB0C0E9F1C7C95F2000CB7AD /* GHZeusLibrariesUITests.m in Sources */ = {isa = PBXBuildFile; fileRef = AB0C0E9E1C7C95F2000CB7AD /* GHZeusLibrariesUITests.m */; };
		ABF6262B1C81B326002CF15D /* WebKit.framework in Frameworks */ = {isa = PBXBuildFile; fileRef = ABF6262A1C81B326002CF15D /* WebKit.framework */; };
		CE028D121C996E9A00002F08 /* Realm.framework in Frameworks */ = {isa = PBXBuildFile; fileRef = CE028D111C996E9A00002F08 /* Realm.framework */; };
		CE028D631C9982B800002F08 /* GHExtend.m in Sources */ = {isa = PBXBuildFile; fileRef = CE028D2B1C9982B800002F08 /* GHExtend.m */; };
		CE028D641C9982B800002F08 /* NSArray+GHExtend.m in Sources */ = {isa = PBXBuildFile; fileRef = CE028D301C9982B800002F08 /* NSArray+GHExtend.m */; };
		CE028D651C9982B800002F08 /* NSData+GHExtend.m in Sources */ = {isa = PBXBuildFile; fileRef = CE028D321C9982B800002F08 /* NSData+GHExtend.m */; };
		CE028D661C9982B800002F08 /* NSDictionary+GHExtend.m in Sources */ = {isa = PBXBuildFile; fileRef = CE028D341C9982B800002F08 /* NSDictionary+GHExtend.m */; };
		CE028D671C9982B800002F08 /* NSMutableArray+GHExtend.m in Sources */ = {isa = PBXBuildFile; fileRef = CE028D361C9982B800002F08 /* NSMutableArray+GHExtend.m */; };
		CE028D681C9982B800002F08 /* NSObject+GHExtend.m in Sources */ = {isa = PBXBuildFile; fileRef = CE028D381C9982B800002F08 /* NSObject+GHExtend.m */; };
		CE028D691C9982B800002F08 /* NSString+GHExtend.m in Sources */ = {isa = PBXBuildFile; fileRef = CE028D3A1C9982B800002F08 /* NSString+GHExtend.m */; };
		CE028D6A1C9982B800002F08 /* NSURL+GHExtend.m in Sources */ = {isa = PBXBuildFile; fileRef = CE028D3C1C9982B800002F08 /* NSURL+GHExtend.m */; };
		CE028D6B1C9982B800002F08 /* GHRealmBaseObject.m in Sources */ = {isa = PBXBuildFile; fileRef = CE028D3F1C9982B800002F08 /* GHRealmBaseObject.m */; };
		CE028D6C1C9982B800002F08 /* GHRLMRealm.m in Sources */ = {isa = PBXBuildFile; fileRef = CE028D411C9982B800002F08 /* GHRLMRealm.m */; };
		CE028D6D1C9982B800002F08 /* GHClassInfo.m in Sources */ = {isa = PBXBuildFile; fileRef = CE028D441C9982B800002F08 /* GHClassInfo.m */; };
		CE028D6E1C9982B800002F08 /* GHModel.m in Sources */ = {isa = PBXBuildFile; fileRef = CE028D461C9982B800002F08 /* GHModel.m */; };
		CE028D6F1C9982B800002F08 /* GHViewModel.m in Sources */ = {isa = PBXBuildFile; fileRef = CE028D491C9982B800002F08 /* GHViewModel.m */; };
		CE028D701C9982B800002F08 /* NSObject+GHParserModel.m in Sources */ = {isa = PBXBuildFile; fileRef = CE028D4B1C9982B800002F08 /* NSObject+GHParserModel.m */; };
		CE028D711C9982B800002F08 /* GHNetwork.m in Sources */ = {isa = PBXBuildFile; fileRef = CE028D4E1C9982B800002F08 /* GHNetwork.m */; };
		CE028D721C9982B800002F08 /* GHNetworkConfig.m in Sources */ = {isa = PBXBuildFile; fileRef = CE028D501C9982B800002F08 /* GHNetworkConfig.m */; };
		CE028D731C9982B800002F08 /* GHSessionTask.m in Sources */ = {isa = PBXBuildFile; fileRef = CE028D521C9982B800002F08 /* GHSessionTask.m */; };
		CE028D741C9982B800002F08 /* GHUploadSessionTask.m in Sources */ = {isa = PBXBuildFile; fileRef = CE028D541C9982B800002F08 /* GHUploadSessionTask.m */; };
		CE028D751C9982B800002F08 /* GHErrorHandler.m in Sources */ = {isa = PBXBuildFile; fileRef = CE028D581C9982B800002F08 /* GHErrorHandler.m */; };
		CE028D761C9982B800002F08 /* GHErrorHandlerUpload.m in Sources */ = {isa = PBXBuildFile; fileRef = CE028D5A1C9982B800002F08 /* GHErrorHandlerUpload.m */; };
		CE028D771C9982B800002F08 /* GHErrorLog.m in Sources */ = {isa = PBXBuildFile; fileRef = CE028D5C1C9982B800002F08 /* GHErrorLog.m */; };
		CE028D781C9982B800002F08 /* GHBaseFIleManage.m in Sources */ = {isa = PBXBuildFile; fileRef = CE028D5F1C9982B800002F08 /* GHBaseFIleManage.m */; };
		CE028D791C9982B800002F08 /* GHStatistics.m in Sources */ = {isa = PBXBuildFile; fileRef = CE028D621C9982B800002F08 /* GHStatistics.m */; };
		CED354441C853EE00017822D /* AppDelegate.m in Sources */ = {isa = PBXBuildFile; fileRef = CED3543A1C853EE00017822D /* AppDelegate.m */; };
		CED354451C853EE00017822D /* Assets.xcassets in Resources */ = {isa = PBXBuildFile; fileRef = CED3543B1C853EE00017822D /* Assets.xcassets */; };
		CED354461C853EE00017822D /* LaunchScreen.storyboard in Resources */ = {isa = PBXBuildFile; fileRef = CED3543C1C853EE00017822D /* LaunchScreen.storyboard */; };
		CED354471C853EE00017822D /* Main.storyboard in Resources */ = {isa = PBXBuildFile; fileRef = CED3543E1C853EE00017822D /* Main.storyboard */; };
		CED354481C853EE00017822D /* Info.plist in Resources */ = {isa = PBXBuildFile; fileRef = CED354401C853EE00017822D /* Info.plist */; };
		CED354491C853EE00017822D /* main.m in Sources */ = {isa = PBXBuildFile; fileRef = CED354411C853EE00017822D /* main.m */; };
		CED3549D1C853F5E0017822D /* ViewController.m in Sources */ = {isa = PBXBuildFile; fileRef = CED354981C853F5E0017822D /* ViewController.m */; };
		CED3549E1C853F5E0017822D /* GHTestDemoViewModel.m in Sources */ = {isa = PBXBuildFile; fileRef = CED3549B1C853F5E0017822D /* GHTestDemoViewModel.m */; };
		CED354A11C853FDA0017822D /* DatasObj.m in Sources */ = {isa = PBXBuildFile; fileRef = CED354A01C853FDA0017822D /* DatasObj.m */; };
		CED354A81C853FFE0017822D /* SubjectDay.m in Sources */ = {isa = PBXBuildFile; fileRef = CED354A31C853FFE0017822D /* SubjectDay.m */; };
		CED354A91C853FFE0017822D /* SubjectItem.m in Sources */ = {isa = PBXBuildFile; fileRef = CED354A51C853FFE0017822D /* SubjectItem.m */; };
		CED354AA1C853FFE0017822D /* SubjectList.m in Sources */ = {isa = PBXBuildFile; fileRef = CED354A71C853FFE0017822D /* SubjectList.m */; };
		CED354AD1C8540160017822D /* Pagination.m in Sources */ = {isa = PBXBuildFile; fileRef = CED354AC1C8540160017822D /* Pagination.m */; };
		CED354BA1C8574420017822D /* 321.txt in Resources */ = {isa = PBXBuildFile; fileRef = CED354B91C8574420017822D /* 321.txt */; };
/* End PBXBuildFile section */

/* Begin PBXContainerItemProxy section */
		AB0C0E901C7C95F2000CB7AD /* PBXContainerItemProxy */ = {
			isa = PBXContainerItemProxy;
			containerPortal = AB0C0E6E1C7C95F2000CB7AD /* Project object */;
			proxyType = 1;
			remoteGlobalIDString = AB0C0E751C7C95F2000CB7AD;
			remoteInfo = GHZeusLibraries;
		};
		AB0C0E9B1C7C95F2000CB7AD /* PBXContainerItemProxy */ = {
			isa = PBXContainerItemProxy;
			containerPortal = AB0C0E6E1C7C95F2000CB7AD /* Project object */;
			proxyType = 1;
			remoteGlobalIDString = AB0C0E751C7C95F2000CB7AD;
			remoteInfo = GHZeusLibraries;
		};
/* End PBXContainerItemProxy section */

/* Begin PBXFileReference section */
		2931352D3D472926A026421D /* Pods.debug.xcconfig */ = {isa = PBXFileReference; includeInIndex = 1; lastKnownFileType = text.xcconfig; name = Pods.debug.xcconfig; path = "Pods/Target Support Files/Pods/Pods.debug.xcconfig"; sourceTree = "<group>"; };
		A7A7815F9F44B07D91E8A3DF /* Pods.release.xcconfig */ = {isa = PBXFileReference; includeInIndex = 1; lastKnownFileType = text.xcconfig; name = Pods.release.xcconfig; path = "Pods/Target Support Files/Pods/Pods.release.xcconfig"; sourceTree = "<group>"; };
		AB0C0E761C7C95F2000CB7AD /* GHZeusLibraries.app */ = {isa = PBXFileReference; explicitFileType = wrapper.application; includeInIndex = 0; path = GHZeusLibraries.app; sourceTree = BUILT_PRODUCTS_DIR; };
		AB0C0E8F1C7C95F2000CB7AD /* GHZeusLibrariesTests.xctest */ = {isa = PBXFileReference; explicitFileType = wrapper.cfbundle; includeInIndex = 0; path = GHZeusLibrariesTests.xctest; sourceTree = BUILT_PRODUCTS_DIR; };
		AB0C0E931C7C95F2000CB7AD /* GHZeusLibrariesTests.m */ = {isa = PBXFileReference; lastKnownFileType = sourcecode.c.objc; path = GHZeusLibrariesTests.m; sourceTree = "<group>"; };
		AB0C0E951C7C95F2000CB7AD /* Info.plist */ = {isa = PBXFileReference; lastKnownFileType = text.plist.xml; path = Info.plist; sourceTree = "<group>"; };
		AB0C0E9A1C7C95F2000CB7AD /* GHZeusLibrariesUITests.xctest */ = {isa = PBXFileReference; explicitFileType = wrapper.cfbundle; includeInIndex = 0; path = GHZeusLibrariesUITests.xctest; sourceTree = BUILT_PRODUCTS_DIR; };
		AB0C0E9E1C7C95F2000CB7AD /* GHZeusLibrariesUITests.m */ = {isa = PBXFileReference; lastKnownFileType = sourcecode.c.objc; path = GHZeusLibrariesUITests.m; sourceTree = "<group>"; };
		AB0C0EA01C7C95F2000CB7AD /* Info.plist */ = {isa = PBXFileReference; lastKnownFileType = text.plist.xml; path = Info.plist; sourceTree = "<group>"; };
		ABF6262A1C81B326002CF15D /* WebKit.framework */ = {isa = PBXFileReference; lastKnownFileType = wrapper.framework; name = WebKit.framework; path = System/Library/Frameworks/WebKit.framework; sourceTree = SDKROOT; };
		CE028D111C996E9A00002F08 /* Realm.framework */ = {isa = PBXFileReference; lastKnownFileType = wrapper.framework; path = Realm.framework; sourceTree = "<group>"; };
		CE028D291C9982B800002F08 /* GHConst.h */ = {isa = PBXFileReference; fileEncoding = 4; lastKnownFileType = sourcecode.c.h; path = GHConst.h; sourceTree = "<group>"; };
		CE028D2A1C9982B800002F08 /* GHExtend.h */ = {isa = PBXFileReference; fileEncoding = 4; lastKnownFileType = sourcecode.c.h; path = GHExtend.h; sourceTree = "<group>"; };
		CE028D2B1C9982B800002F08 /* GHExtend.m */ = {isa = PBXFileReference; fileEncoding = 4; lastKnownFileType = sourcecode.c.objc; path = GHExtend.m; sourceTree = "<group>"; };
		CE028D2C1C9982B800002F08 /* GHMacros.h */ = {isa = PBXFileReference; fileEncoding = 4; lastKnownFileType = sourcecode.c.h; path = GHMacros.h; sourceTree = "<group>"; };
		CE028D2D1C9982B800002F08 /* GHPathMacros.h */ = {isa = PBXFileReference; fileEncoding = 4; lastKnownFileType = sourcecode.c.h; path = GHPathMacros.h; sourceTree = "<group>"; };
		CE028D2E1C9982B800002F08 /* GHUtilsMacros.h */ = {isa = PBXFileReference; fileEncoding = 4; lastKnownFileType = sourcecode.c.h; path = GHUtilsMacros.h; sourceTree = "<group>"; };
		CE028D2F1C9982B800002F08 /* NSArray+GHExtend.h */ = {isa = PBXFileReference; fileEncoding = 4; lastKnownFileType = sourcecode.c.h; path = "NSArray+GHExtend.h"; sourceTree = "<group>"; };
		CE028D301C9982B800002F08 /* NSArray+GHExtend.m */ = {isa = PBXFileReference; fileEncoding = 4; lastKnownFileType = sourcecode.c.objc; path = "NSArray+GHExtend.m"; sourceTree = "<group>"; };
		CE028D311C9982B800002F08 /* NSData+GHExtend.h */ = {isa = PBXFileReference; fileEncoding = 4; lastKnownFileType = sourcecode.c.h; path = "NSData+GHExtend.h"; sourceTree = "<group>"; };
		CE028D321C9982B800002F08 /* NSData+GHExtend.m */ = {isa = PBXFileReference; fileEncoding = 4; lastKnownFileType = sourcecode.c.objc; path = "NSData+GHExtend.m"; sourceTree = "<group>"; };
		CE028D331C9982B800002F08 /* NSDictionary+GHExtend.h */ = {isa = PBXFileReference; fileEncoding = 4; lastKnownFileType = sourcecode.c.h; path = "NSDictionary+GHExtend.h"; sourceTree = "<group>"; };
		CE028D341C9982B800002F08 /* NSDictionary+GHExtend.m */ = {isa = PBXFileReference; fileEncoding = 4; lastKnownFileType = sourcecode.c.objc; path = "NSDictionary+GHExtend.m"; sourceTree = "<group>"; };
		CE028D351C9982B800002F08 /* NSMutableArray+GHExtend.h */ = {isa = PBXFileReference; fileEncoding = 4; lastKnownFileType = sourcecode.c.h; path = "NSMutableArray+GHExtend.h"; sourceTree = "<group>"; };
		CE028D361C9982B800002F08 /* NSMutableArray+GHExtend.m */ = {isa = PBXFileReference; fileEncoding = 4; lastKnownFileType = sourcecode.c.objc; path = "NSMutableArray+GHExtend.m"; sourceTree = "<group>"; };
		CE028D371C9982B800002F08 /* NSObject+GHExtend.h */ = {isa = PBXFileReference; fileEncoding = 4; lastKnownFileType = sourcecode.c.h; path = "NSObject+GHExtend.h"; sourceTree = "<group>"; };
		CE028D381C9982B800002F08 /* NSObject+GHExtend.m */ = {isa = PBXFileReference; fileEncoding = 4; lastKnownFileType = sourcecode.c.objc; path = "NSObject+GHExtend.m"; sourceTree = "<group>"; };
		CE028D391C9982B800002F08 /* NSString+GHExtend.h */ = {isa = PBXFileReference; fileEncoding = 4; lastKnownFileType = sourcecode.c.h; path = "NSString+GHExtend.h"; sourceTree = "<group>"; };
		CE028D3A1C9982B800002F08 /* NSString+GHExtend.m */ = {isa = PBXFileReference; fileEncoding = 4; lastKnownFileType = sourcecode.c.objc; path = "NSString+GHExtend.m"; sourceTree = "<group>"; };
		CE028D3B1C9982B800002F08 /* NSURL+GHExtend.h */ = {isa = PBXFileReference; fileEncoding = 4; lastKnownFileType = sourcecode.c.h; path = "NSURL+GHExtend.h"; sourceTree = "<group>"; };
		CE028D3C1C9982B800002F08 /* NSURL+GHExtend.m */ = {isa = PBXFileReference; fileEncoding = 4; lastKnownFileType = sourcecode.c.objc; path = "NSURL+GHExtend.m"; sourceTree = "<group>"; };
		CE028D3E1C9982B800002F08 /* GHRealmBaseObject.h */ = {isa = PBXFileReference; fileEncoding = 4; lastKnownFileType = sourcecode.c.h; path = GHRealmBaseObject.h; sourceTree = "<group>"; };
		CE028D3F1C9982B800002F08 /* GHRealmBaseObject.m */ = {isa = PBXFileReference; fileEncoding = 4; lastKnownFileType = sourcecode.c.objc; path = GHRealmBaseObject.m; sourceTree = "<group>"; };
		CE028D401C9982B800002F08 /* GHRLMRealm.h */ = {isa = PBXFileReference; fileEncoding = 4; lastKnownFileType = sourcecode.c.h; path = GHRLMRealm.h; sourceTree = "<group>"; };
		CE028D411C9982B800002F08 /* GHRLMRealm.m */ = {isa = PBXFileReference; fileEncoding = 4; lastKnownFileType = sourcecode.c.objc; path = GHRLMRealm.m; sourceTree = "<group>"; };
		CE028D431C9982B800002F08 /* GHClassInfo.h */ = {isa = PBXFileReference; fileEncoding = 4; lastKnownFileType = sourcecode.c.h; path = GHClassInfo.h; sourceTree = "<group>"; };
		CE028D441C9982B800002F08 /* GHClassInfo.m */ = {isa = PBXFileReference; fileEncoding = 4; lastKnownFileType = sourcecode.c.objc; path = GHClassInfo.m; sourceTree = "<group>"; };
		CE028D451C9982B800002F08 /* GHModel.h */ = {isa = PBXFileReference; fileEncoding = 4; lastKnownFileType = sourcecode.c.h; path = GHModel.h; sourceTree = "<group>"; };
		CE028D461C9982B800002F08 /* GHModel.m */ = {isa = PBXFileReference; fileEncoding = 4; lastKnownFileType = sourcecode.c.objc; path = GHModel.m; sourceTree = "<group>"; };
		CE028D471C9982B800002F08 /* GHParserModel.h */ = {isa = PBXFileReference; fileEncoding = 4; lastKnownFileType = sourcecode.c.h; path = GHParserModel.h; sourceTree = "<group>"; };
		CE028D481C9982B800002F08 /* GHViewModel.h */ = {isa = PBXFileReference; fileEncoding = 4; lastKnownFileType = sourcecode.c.h; path = GHViewModel.h; sourceTree = "<group>"; };
		CE028D491C9982B800002F08 /* GHViewModel.m */ = {isa = PBXFileReference; fileEncoding = 4; lastKnownFileType = sourcecode.c.objc; path = GHViewModel.m; sourceTree = "<group>"; };
		CE028D4A1C9982B800002F08 /* NSObject+GHParserModel.h */ = {isa = PBXFileReference; fileEncoding = 4; lastKnownFileType = sourcecode.c.h; path = "NSObject+GHParserModel.h"; sourceTree = "<group>"; };
		CE028D4B1C9982B800002F08 /* NSObject+GHParserModel.m */ = {isa = PBXFileReference; fileEncoding = 4; lastKnownFileType = sourcecode.c.objc; path = "NSObject+GHParserModel.m"; sourceTree = "<group>"; };
		CE028D4D1C9982B800002F08 /* GHNetwork.h */ = {isa = PBXFileReference; fileEncoding = 4; lastKnownFileType = sourcecode.c.h; path = GHNetwork.h; sourceTree = "<group>"; };
		CE028D4E1C9982B800002F08 /* GHNetwork.m */ = {isa = PBXFileReference; fileEncoding = 4; lastKnownFileType = sourcecode.c.objc; path = GHNetwork.m; sourceTree = "<group>"; };
		CE028D4F1C9982B800002F08 /* GHNetworkConfig.h */ = {isa = PBXFileReference; fileEncoding = 4; lastKnownFileType = sourcecode.c.h; path = GHNetworkConfig.h; sourceTree = "<group>"; };
		CE028D501C9982B800002F08 /* GHNetworkConfig.m */ = {isa = PBXFileReference; fileEncoding = 4; lastKnownFileType = sourcecode.c.objc; path = GHNetworkConfig.m; sourceTree = "<group>"; };
		CE028D511C9982B800002F08 /* GHSessionTask.h */ = {isa = PBXFileReference; fileEncoding = 4; lastKnownFileType = sourcecode.c.h; path = GHSessionTask.h; sourceTree = "<group>"; };
		CE028D521C9982B800002F08 /* GHSessionTask.m */ = {isa = PBXFileReference; fileEncoding = 4; lastKnownFileType = sourcecode.c.objc; path = GHSessionTask.m; sourceTree = "<group>"; };
		CE028D531C9982B800002F08 /* GHUploadSessionTask.h */ = {isa = PBXFileReference; fileEncoding = 4; lastKnownFileType = sourcecode.c.h; path = GHUploadSessionTask.h; sourceTree = "<group>"; };
		CE028D541C9982B800002F08 /* GHUploadSessionTask.m */ = {isa = PBXFileReference; fileEncoding = 4; lastKnownFileType = sourcecode.c.objc; path = GHUploadSessionTask.m; sourceTree = "<group>"; };
		CE028D571C9982B800002F08 /* GHErrorHandler.h */ = {isa = PBXFileReference; fileEncoding = 4; lastKnownFileType = sourcecode.c.h; path = GHErrorHandler.h; sourceTree = "<group>"; };
		CE028D581C9982B800002F08 /* GHErrorHandler.m */ = {isa = PBXFileReference; fileEncoding = 4; lastKnownFileType = sourcecode.c.objc; path = GHErrorHandler.m; sourceTree = "<group>"; };
		CE028D591C9982B800002F08 /* GHErrorHandlerUpload.h */ = {isa = PBXFileReference; fileEncoding = 4; lastKnownFileType = sourcecode.c.h; path = GHErrorHandlerUpload.h; sourceTree = "<group>"; };
		CE028D5A1C9982B800002F08 /* GHErrorHandlerUpload.m */ = {isa = PBXFileReference; fileEncoding = 4; lastKnownFileType = sourcecode.c.objc; path = GHErrorHandlerUpload.m; sourceTree = "<group>"; };
		CE028D5B1C9982B800002F08 /* GHErrorLog.h */ = {isa = PBXFileReference; fileEncoding = 4; lastKnownFileType = sourcecode.c.h; path = GHErrorLog.h; sourceTree = "<group>"; };
		CE028D5C1C9982B800002F08 /* GHErrorLog.m */ = {isa = PBXFileReference; fileEncoding = 4; lastKnownFileType = sourcecode.c.objc; path = GHErrorLog.m; sourceTree = "<group>"; };
		CE028D5E1C9982B800002F08 /* GHBaseFIleManage.h */ = {isa = PBXFileReference; fileEncoding = 4; lastKnownFileType = sourcecode.c.h; path = GHBaseFIleManage.h; sourceTree = "<group>"; };
		CE028D5F1C9982B800002F08 /* GHBaseFIleManage.m */ = {isa = PBXFileReference; fileEncoding = 4; lastKnownFileType = sourcecode.c.objc; path = GHBaseFIleManage.m; sourceTree = "<group>"; };
		CE028D611C9982B800002F08 /* GHStatistics.h */ = {isa = PBXFileReference; fileEncoding = 4; lastKnownFileType = sourcecode.c.h; path = GHStatistics.h; sourceTree = "<group>"; };
		CE028D621C9982B800002F08 /* GHStatistics.m */ = {isa = PBXFileReference; fileEncoding = 4; lastKnownFileType = sourcecode.c.objc; path = GHStatistics.m; sourceTree = "<group>"; };
		CED354391C853EE00017822D /* AppDelegate.h */ = {isa = PBXFileReference; fileEncoding = 4; lastKnownFileType = sourcecode.c.h; path = AppDelegate.h; sourceTree = "<group>"; };
		CED3543A1C853EE00017822D /* AppDelegate.m */ = {isa = PBXFileReference; fileEncoding = 4; lastKnownFileType = sourcecode.c.objc; path = AppDelegate.m; sourceTree = "<group>"; };
		CED3543B1C853EE00017822D /* Assets.xcassets */ = {isa = PBXFileReference; lastKnownFileType = folder.assetcatalog; path = Assets.xcassets; sourceTree = "<group>"; };
		CED3543D1C853EE00017822D /* Base */ = {isa = PBXFileReference; lastKnownFileType = file.storyboard; name = Base; path = Base.lproj/LaunchScreen.storyboard; sourceTree = "<group>"; };
		CED3543F1C853EE00017822D /* Base */ = {isa = PBXFileReference; lastKnownFileType = file.storyboard; name = Base; path = Base.lproj/Main.storyboard; sourceTree = "<group>"; };
		CED354401C853EE00017822D /* Info.plist */ = {isa = PBXFileReference; fileEncoding = 4; lastKnownFileType = text.plist.xml; path = Info.plist; sourceTree = "<group>"; };
		CED354411C853EE00017822D /* main.m */ = {isa = PBXFileReference; fileEncoding = 4; lastKnownFileType = sourcecode.c.objc; path = main.m; sourceTree = "<group>"; };
		CED354971C853F5E0017822D /* ViewController.h */ = {isa = PBXFileReference; fileEncoding = 4; lastKnownFileType = sourcecode.c.h; path = ViewController.h; sourceTree = "<group>"; };
		CED354981C853F5E0017822D /* ViewController.m */ = {isa = PBXFileReference; fileEncoding = 4; lastKnownFileType = sourcecode.c.objc; path = ViewController.m; sourceTree = "<group>"; };
		CED3549A1C853F5E0017822D /* GHTestDemoViewModel.h */ = {isa = PBXFileReference; fileEncoding = 4; lastKnownFileType = sourcecode.c.h; path = GHTestDemoViewModel.h; sourceTree = "<group>"; };
		CED3549B1C853F5E0017822D /* GHTestDemoViewModel.m */ = {isa = PBXFileReference; fileEncoding = 4; lastKnownFileType = sourcecode.c.objc; path = GHTestDemoViewModel.m; sourceTree = "<group>"; };
		CED3549F1C853FDA0017822D /* DatasObj.h */ = {isa = PBXFileReference; fileEncoding = 4; lastKnownFileType = sourcecode.c.h; path = DatasObj.h; sourceTree = "<group>"; };
		CED354A01C853FDA0017822D /* DatasObj.m */ = {isa = PBXFileReference; fileEncoding = 4; lastKnownFileType = sourcecode.c.objc; path = DatasObj.m; sourceTree = "<group>"; };
		CED354A21C853FFE0017822D /* SubjectDay.h */ = {isa = PBXFileReference; fileEncoding = 4; lastKnownFileType = sourcecode.c.h; path = SubjectDay.h; sourceTree = "<group>"; };
		CED354A31C853FFE0017822D /* SubjectDay.m */ = {isa = PBXFileReference; fileEncoding = 4; lastKnownFileType = sourcecode.c.objc; path = SubjectDay.m; sourceTree = "<group>"; };
		CED354A41C853FFE0017822D /* SubjectItem.h */ = {isa = PBXFileReference; fileEncoding = 4; lastKnownFileType = sourcecode.c.h; path = SubjectItem.h; sourceTree = "<group>"; };
		CED354A51C853FFE0017822D /* SubjectItem.m */ = {isa = PBXFileReference; fileEncoding = 4; lastKnownFileType = sourcecode.c.objc; path = SubjectItem.m; sourceTree = "<group>"; };
		CED354A61C853FFE0017822D /* SubjectList.h */ = {isa = PBXFileReference; fileEncoding = 4; lastKnownFileType = sourcecode.c.h; path = SubjectList.h; sourceTree = "<group>"; };
		CED354A71C853FFE0017822D /* SubjectList.m */ = {isa = PBXFileReference; fileEncoding = 4; lastKnownFileType = sourcecode.c.objc; path = SubjectList.m; sourceTree = "<group>"; };
		CED354AB1C8540160017822D /* Pagination.h */ = {isa = PBXFileReference; fileEncoding = 4; lastKnownFileType = sourcecode.c.h; path = Pagination.h; sourceTree = "<group>"; };
		CED354AC1C8540160017822D /* Pagination.m */ = {isa = PBXFileReference; fileEncoding = 4; lastKnownFileType = sourcecode.c.objc; path = Pagination.m; sourceTree = "<group>"; };
		CED354B91C8574420017822D /* 321.txt */ = {isa = PBXFileReference; fileEncoding = 4; lastKnownFileType = text; path = 321.txt; sourceTree = "<group>"; };
		EE7457355835F6CF3B2857CE /* libPods.a */ = {isa = PBXFileReference; explicitFileType = archive.ar; includeInIndex = 0; path = libPods.a; sourceTree = BUILT_PRODUCTS_DIR; };
/* End PBXFileReference section */

/* Begin PBXFrameworksBuildPhase section */
		AB0C0E731C7C95F2000CB7AD /* Frameworks */ = {
			isa = PBXFrameworksBuildPhase;
			buildActionMask = 2147483647;
			files = (
				CE028D121C996E9A00002F08 /* Realm.framework in Frameworks */,
				ABF6262B1C81B326002CF15D /* WebKit.framework in Frameworks */,
				334CB4964688DB96E010E945 /* libPods.a in Frameworks */,
			);
			runOnlyForDeploymentPostprocessing = 0;
		};
		AB0C0E8C1C7C95F2000CB7AD /* Frameworks */ = {
			isa = PBXFrameworksBuildPhase;
			buildActionMask = 2147483647;
			files = (
			);
			runOnlyForDeploymentPostprocessing = 0;
		};
		AB0C0E971C7C95F2000CB7AD /* Frameworks */ = {
			isa = PBXFrameworksBuildPhase;
			buildActionMask = 2147483647;
			files = (
			);
			runOnlyForDeploymentPostprocessing = 0;
		};
/* End PBXFrameworksBuildPhase section */

/* Begin PBXGroup section */
		53F924A98F0ABBD353451925 /* Frameworks */ = {
			isa = PBXGroup;
			children = (
				ABF6262A1C81B326002CF15D /* WebKit.framework */,
				EE7457355835F6CF3B2857CE /* libPods.a */,
			);
			name = Frameworks;
			sourceTree = "<group>";
		};
		A3CBF3C34C36C751C4E645F3 /* Pods */ = {
			isa = PBXGroup;
			children = (
				2931352D3D472926A026421D /* Pods.debug.xcconfig */,
				A7A7815F9F44B07D91E8A3DF /* Pods.release.xcconfig */,
			);
			name = Pods;
			sourceTree = "<group>";
		};
		AB0C0E6D1C7C95F2000CB7AD = {
			isa = PBXGroup;
			children = (
				CED354321C853EE00017822D /* GHZeusLibraries */,
				AB0C0E921C7C95F2000CB7AD /* GHZeusLibrariesTests */,
				AB0C0E9D1C7C95F2000CB7AD /* GHZeusLibrariesUITests */,
				AB0C0E771C7C95F2000CB7AD /* Products */,
				A3CBF3C34C36C751C4E645F3 /* Pods */,
				53F924A98F0ABBD353451925 /* Frameworks */,
			);
			sourceTree = "<group>";
		};
		AB0C0E771C7C95F2000CB7AD /* Products */ = {
			isa = PBXGroup;
			children = (
				AB0C0E761C7C95F2000CB7AD /* GHZeusLibraries.app */,
				AB0C0E8F1C7C95F2000CB7AD /* GHZeusLibrariesTests.xctest */,
				AB0C0E9A1C7C95F2000CB7AD /* GHZeusLibrariesUITests.xctest */,
			);
			name = Products;
			sourceTree = "<group>";
		};
		AB0C0E921C7C95F2000CB7AD /* GHZeusLibrariesTests */ = {
			isa = PBXGroup;
			children = (
				AB0C0E931C7C95F2000CB7AD /* GHZeusLibrariesTests.m */,
				AB0C0E951C7C95F2000CB7AD /* Info.plist */,
			);
			path = GHZeusLibrariesTests;
			sourceTree = "<group>";
		};
		AB0C0E9D1C7C95F2000CB7AD /* GHZeusLibrariesUITests */ = {
			isa = PBXGroup;
			children = (
				AB0C0E9E1C7C95F2000CB7AD /* GHZeusLibrariesUITests.m */,
				AB0C0EA01C7C95F2000CB7AD /* Info.plist */,
			);
			path = GHZeusLibrariesUITests;
			sourceTree = "<group>";
		};
		CE028D101C996E9A00002F08 /* Framework */ = {
			isa = PBXGroup;
			children = (
				CE028D111C996E9A00002F08 /* Realm.framework */,
			);
			path = Framework;
			sourceTree = "<group>";
		};
		CE028D281C9982B800002F08 /* Foundation */ = {
			isa = PBXGroup;
			children = (
				CE028D291C9982B800002F08 /* GHConst.h */,
				CE028D2A1C9982B800002F08 /* GHExtend.h */,
				CE028D2B1C9982B800002F08 /* GHExtend.m */,
				CE028D2C1C9982B800002F08 /* GHMacros.h */,
				CE028D2D1C9982B800002F08 /* GHPathMacros.h */,
				CE028D2E1C9982B800002F08 /* GHUtilsMacros.h */,
				CE028D2F1C9982B800002F08 /* NSArray+GHExtend.h */,
				CE028D301C9982B800002F08 /* NSArray+GHExtend.m */,
				CE028D311C9982B800002F08 /* NSData+GHExtend.h */,
				CE028D321C9982B800002F08 /* NSData+GHExtend.m */,
				CE028D331C9982B800002F08 /* NSDictionary+GHExtend.h */,
				CE028D341C9982B800002F08 /* NSDictionary+GHExtend.m */,
				CE028D351C9982B800002F08 /* NSMutableArray+GHExtend.h */,
				CE028D361C9982B800002F08 /* NSMutableArray+GHExtend.m */,
				CE028D371C9982B800002F08 /* NSObject+GHExtend.h */,
				CE028D381C9982B800002F08 /* NSObject+GHExtend.m */,
				CE028D391C9982B800002F08 /* NSString+GHExtend.h */,
				CE028D3A1C9982B800002F08 /* NSString+GHExtend.m */,
				CE028D3B1C9982B800002F08 /* NSURL+GHExtend.h */,
				CE028D3C1C9982B800002F08 /* NSURL+GHExtend.m */,
			);
			path = Foundation;
			sourceTree = "<group>";
		};
		CE028D3D1C9982B800002F08 /* GHRealm */ = {
			isa = PBXGroup;
			children = (
				CE028D3E1C9982B800002F08 /* GHRealmBaseObject.h */,
				CE028D3F1C9982B800002F08 /* GHRealmBaseObject.m */,
				CE028D401C9982B800002F08 /* GHRLMRealm.h */,
				CE028D411C9982B800002F08 /* GHRLMRealm.m */,
			);
			path = GHRealm;
			sourceTree = "<group>";
		};
		CE028D421C9982B800002F08 /* Model */ = {
			isa = PBXGroup;
			children = (
				CE028D431C9982B800002F08 /* GHClassInfo.h */,
				CE028D441C9982B800002F08 /* GHClassInfo.m */,
				CE028D451C9982B800002F08 /* GHModel.h */,
				CE028D461C9982B800002F08 /* GHModel.m */,
				CE028D471C9982B800002F08 /* GHParserModel.h */,
				CE028D481C9982B800002F08 /* GHViewModel.h */,
				CE028D491C9982B800002F08 /* GHViewModel.m */,
				CE028D4A1C9982B800002F08 /* NSObject+GHParserModel.h */,
				CE028D4B1C9982B800002F08 /* NSObject+GHParserModel.m */,
			);
			path = Model;
			sourceTree = "<group>";
		};
		CE028D4C1C9982B800002F08 /* Network */ = {
			isa = PBXGroup;
			children = (
				CE028D4D1C9982B800002F08 /* GHNetwork.h */,
				CE028D4E1C9982B800002F08 /* GHNetwork.m */,
				CE028D4F1C9982B800002F08 /* GHNetworkConfig.h */,
				CE028D501C9982B800002F08 /* GHNetworkConfig.m */,
				CE028D511C9982B800002F08 /* GHSessionTask.h */,
				CE028D521C9982B800002F08 /* GHSessionTask.m */,
				CE028D531C9982B800002F08 /* GHUploadSessionTask.h */,
				CE028D541C9982B800002F08 /* GHUploadSessionTask.m */,
			);
			path = Network;
			sourceTree = "<group>";
		};
		CE028D551C9982B800002F08 /* Tool */ = {
			isa = PBXGroup;
			children = (
				CE028D561C9982B800002F08 /* ErrorHander */,
				CE028D5D1C9982B800002F08 /* FIleManage */,
				CE028D601C9982B800002F08 /* Statistics */,
			);
			path = Tool;
			sourceTree = "<group>";
		};
		CE028D561C9982B800002F08 /* ErrorHander */ = {
			isa = PBXGroup;
			children = (
				CE028D571C9982B800002F08 /* GHErrorHandler.h */,
				CE028D581C9982B800002F08 /* GHErrorHandler.m */,
				CE028D591C9982B800002F08 /* GHErrorHandlerUpload.h */,
				CE028D5A1C9982B800002F08 /* GHErrorHandlerUpload.m */,
				CE028D5B1C9982B800002F08 /* GHErrorLog.h */,
				CE028D5C1C9982B800002F08 /* GHErrorLog.m */,
			);
			path = ErrorHander;
			sourceTree = "<group>";
		};
		CE028D5D1C9982B800002F08 /* FIleManage */ = {
			isa = PBXGroup;
			children = (
				CE028D5E1C9982B800002F08 /* GHBaseFIleManage.h */,
				CE028D5F1C9982B800002F08 /* GHBaseFIleManage.m */,
			);
			path = FIleManage;
			sourceTree = "<group>";
		};
		CE028D601C9982B800002F08 /* Statistics */ = {
			isa = PBXGroup;
			children = (
				CE028D611C9982B800002F08 /* GHStatistics.h */,
				CE028D621C9982B800002F08 /* GHStatistics.m */,
			);
			path = Statistics;
			sourceTree = "<group>";
		};
		CE5C66C21C86935D004D662F /* Pod */ = {
			isa = PBXGroup;
			children = (
				CE028D281C9982B800002F08 /* Foundation */,
				CE028D3D1C9982B800002F08 /* GHRealm */,
				CE028D421C9982B800002F08 /* Model */,
				CE028D4C1C9982B800002F08 /* Network */,
				CE028D551C9982B800002F08 /* Tool */,
			);
			path = Pod;
			sourceTree = "<group>";
		};
		CED354321C853EE00017822D /* GHZeusLibraries */ = {
			isa = PBXGroup;
			children = (
				CE028D101C996E9A00002F08 /* Framework */,
				CE5C66C21C86935D004D662F /* Pod */,
				CED354331C853EE00017822D /* Classes */,
				CED354381C853EE00017822D /* Other */,
			);
			path = GHZeusLibraries;
			sourceTree = "<group>";
		};
		CED354331C853EE00017822D /* Classes */ = {
			isa = PBXGroup;
			children = (
				CED354961C853F5E0017822D /* Controller */,
				CED354991C853F5E0017822D /* Model */,
				CED3549C1C853F5E0017822D /* View */,
			);
			path = Classes;
			sourceTree = "<group>";
		};
		CED354381C853EE00017822D /* Other */ = {
			isa = PBXGroup;
			children = (
				CED354391C853EE00017822D /* AppDelegate.h */,
				CED3543A1C853EE00017822D /* AppDelegate.m */,
				CED3543B1C853EE00017822D /* Assets.xcassets */,
				CED3543C1C853EE00017822D /* LaunchScreen.storyboard */,
				CED3543E1C853EE00017822D /* Main.storyboard */,
				CED354401C853EE00017822D /* Info.plist */,
				CED354411C853EE00017822D /* main.m */,
				CED354B91C8574420017822D /* 321.txt */,
			);
			path = Other;
			sourceTree = "<group>";
		};
		CED354961C853F5E0017822D /* Controller */ = {
			isa = PBXGroup;
			children = (
				CED354971C853F5E0017822D /* ViewController.h */,
				CED354981C853F5E0017822D /* ViewController.m */,
			);
			path = Controller;
			sourceTree = "<group>";
		};
		CED354991C853F5E0017822D /* Model */ = {
			isa = PBXGroup;
			children = (
				CED3549F1C853FDA0017822D /* DatasObj.h */,
				CED354A01C853FDA0017822D /* DatasObj.m */,
				CED354A21C853FFE0017822D /* SubjectDay.h */,
				CED354A31C853FFE0017822D /* SubjectDay.m */,
				CED354A41C853FFE0017822D /* SubjectItem.h */,
				CED354A51C853FFE0017822D /* SubjectItem.m */,
				CED354A61C853FFE0017822D /* SubjectList.h */,
				CED354A71C853FFE0017822D /* SubjectList.m */,
				CED354AB1C8540160017822D /* Pagination.h */,
				CED354AC1C8540160017822D /* Pagination.m */,
				CED3549A1C853F5E0017822D /* GHTestDemoViewModel.h */,
				CED3549B1C853F5E0017822D /* GHTestDemoViewModel.m */,
			);
			path = Model;
			sourceTree = "<group>";
		};
		CED3549C1C853F5E0017822D /* View */ = {
			isa = PBXGroup;
			children = (
			);
			path = View;
			sourceTree = "<group>";
		};
/* End PBXGroup section */

/* Begin PBXNativeTarget section */
		AB0C0E751C7C95F2000CB7AD /* GHZeusLibraries */ = {
			isa = PBXNativeTarget;
			buildConfigurationList = AB0C0EA31C7C95F2000CB7AD /* Build configuration list for PBXNativeTarget "GHZeusLibraries" */;
			buildPhases = (
				B7D1032B03E81FFEA8F7DC95 /* Check Pods Manifest.lock */,
				AB0C0E721C7C95F2000CB7AD /* Sources */,
				AB0C0E731C7C95F2000CB7AD /* Frameworks */,
				AB0C0E741C7C95F2000CB7AD /* Resources */,
				AF18243F0159AB5A373D843A /* Embed Pods Frameworks */,
				F9D70A6AFE8098AD19A0BDE0 /* Copy Pods Resources */,
			);
			buildRules = (
			);
			dependencies = (
			);
			name = GHZeusLibraries;
			productName = GHZeusLibraries;
			productReference = AB0C0E761C7C95F2000CB7AD /* GHZeusLibraries.app */;
			productType = "com.apple.product-type.application";
		};
		AB0C0E8E1C7C95F2000CB7AD /* GHZeusLibrariesTests */ = {
			isa = PBXNativeTarget;
			buildConfigurationList = AB0C0EA61C7C95F2000CB7AD /* Build configuration list for PBXNativeTarget "GHZeusLibrariesTests" */;
			buildPhases = (
				AB0C0E8B1C7C95F2000CB7AD /* Sources */,
				AB0C0E8C1C7C95F2000CB7AD /* Frameworks */,
				AB0C0E8D1C7C95F2000CB7AD /* Resources */,
			);
			buildRules = (
			);
			dependencies = (
				AB0C0E911C7C95F2000CB7AD /* PBXTargetDependency */,
			);
			name = GHZeusLibrariesTests;
			productName = GHZeusLibrariesTests;
			productReference = AB0C0E8F1C7C95F2000CB7AD /* GHZeusLibrariesTests.xctest */;
			productType = "com.apple.product-type.bundle.unit-test";
		};
		AB0C0E991C7C95F2000CB7AD /* GHZeusLibrariesUITests */ = {
			isa = PBXNativeTarget;
			buildConfigurationList = AB0C0EA91C7C95F2000CB7AD /* Build configuration list for PBXNativeTarget "GHZeusLibrariesUITests" */;
			buildPhases = (
				AB0C0E961C7C95F2000CB7AD /* Sources */,
				AB0C0E971C7C95F2000CB7AD /* Frameworks */,
				AB0C0E981C7C95F2000CB7AD /* Resources */,
			);
			buildRules = (
			);
			dependencies = (
				AB0C0E9C1C7C95F2000CB7AD /* PBXTargetDependency */,
			);
			name = GHZeusLibrariesUITests;
			productName = GHZeusLibrariesUITests;
			productReference = AB0C0E9A1C7C95F2000CB7AD /* GHZeusLibrariesUITests.xctest */;
			productType = "com.apple.product-type.bundle.ui-testing";
		};
/* End PBXNativeTarget section */

/* Begin PBXProject section */
		AB0C0E6E1C7C95F2000CB7AD /* Project object */ = {
			isa = PBXProject;
			attributes = {
				LastUpgradeCheck = 0720;
				ORGANIZATIONNAME = "张冠华";
				TargetAttributes = {
					AB0C0E751C7C95F2000CB7AD = {
						CreatedOnToolsVersion = 7.2;
					};
					AB0C0E8E1C7C95F2000CB7AD = {
						CreatedOnToolsVersion = 7.2;
						TestTargetID = AB0C0E751C7C95F2000CB7AD;
					};
					AB0C0E991C7C95F2000CB7AD = {
						CreatedOnToolsVersion = 7.2;
						TestTargetID = AB0C0E751C7C95F2000CB7AD;
					};
				};
			};
			buildConfigurationList = AB0C0E711C7C95F2000CB7AD /* Build configuration list for PBXProject "GHZeusLibraries" */;
			compatibilityVersion = "Xcode 3.2";
			developmentRegion = English;
			hasScannedForEncodings = 0;
			knownRegions = (
				en,
				Base,
			);
			mainGroup = AB0C0E6D1C7C95F2000CB7AD;
			productRefGroup = AB0C0E771C7C95F2000CB7AD /* Products */;
			projectDirPath = "";
			projectRoot = "";
			targets = (
				AB0C0E751C7C95F2000CB7AD /* GHZeusLibraries */,
				AB0C0E8E1C7C95F2000CB7AD /* GHZeusLibrariesTests */,
				AB0C0E991C7C95F2000CB7AD /* GHZeusLibrariesUITests */,
			);
		};
/* End PBXProject section */

/* Begin PBXResourcesBuildPhase section */
		AB0C0E741C7C95F2000CB7AD /* Resources */ = {
			isa = PBXResourcesBuildPhase;
			buildActionMask = 2147483647;
			files = (
				CED354481C853EE00017822D /* Info.plist in Resources */,
				CED354471C853EE00017822D /* Main.storyboard in Resources */,
				CED354451C853EE00017822D /* Assets.xcassets in Resources */,
				CED354461C853EE00017822D /* LaunchScreen.storyboard in Resources */,
				CED354BA1C8574420017822D /* 321.txt in Resources */,
			);
			runOnlyForDeploymentPostprocessing = 0;
		};
		AB0C0E8D1C7C95F2000CB7AD /* Resources */ = {
			isa = PBXResourcesBuildPhase;
			buildActionMask = 2147483647;
			files = (
			);
			runOnlyForDeploymentPostprocessing = 0;
		};
		AB0C0E981C7C95F2000CB7AD /* Resources */ = {
			isa = PBXResourcesBuildPhase;
			buildActionMask = 2147483647;
			files = (
			);
			runOnlyForDeploymentPostprocessing = 0;
		};
/* End PBXResourcesBuildPhase section */

/* Begin PBXShellScriptBuildPhase section */
		AF18243F0159AB5A373D843A /* Embed Pods Frameworks */ = {
			isa = PBXShellScriptBuildPhase;
			buildActionMask = 2147483647;
			files = (
			);
			inputPaths = (
			);
			name = "Embed Pods Frameworks";
			outputPaths = (
			);
			runOnlyForDeploymentPostprocessing = 0;
			shellPath = /bin/sh;
			shellScript = "\"${SRCROOT}/Pods/Target Support Files/Pods/Pods-frameworks.sh\"\n";
			showEnvVarsInLog = 0;
		};
		B7D1032B03E81FFEA8F7DC95 /* Check Pods Manifest.lock */ = {
			isa = PBXShellScriptBuildPhase;
			buildActionMask = 2147483647;
			files = (
			);
			inputPaths = (
			);
			name = "Check Pods Manifest.lock";
			outputPaths = (
			);
			runOnlyForDeploymentPostprocessing = 0;
			shellPath = /bin/sh;
			shellScript = "diff \"${PODS_ROOT}/../Podfile.lock\" \"${PODS_ROOT}/Manifest.lock\" > /dev/null\nif [[ $? != 0 ]] ; then\n    cat << EOM\nerror: The sandbox is not in sync with the Podfile.lock. Run 'pod install' or update your CocoaPods installation.\nEOM\n    exit 1\nfi\n";
			showEnvVarsInLog = 0;
		};
		F9D70A6AFE8098AD19A0BDE0 /* Copy Pods Resources */ = {
			isa = PBXShellScriptBuildPhase;
			buildActionMask = 2147483647;
			files = (
			);
			inputPaths = (
			);
			name = "Copy Pods Resources";
			outputPaths = (
			);
			runOnlyForDeploymentPostprocessing = 0;
			shellPath = /bin/sh;
			shellScript = "\"${SRCROOT}/Pods/Target Support Files/Pods/Pods-resources.sh\"\n";
			showEnvVarsInLog = 0;
		};
/* End PBXShellScriptBuildPhase section */

/* Begin PBXSourcesBuildPhase section */
		AB0C0E721C7C95F2000CB7AD /* Sources */ = {
			isa = PBXSourcesBuildPhase;
			buildActionMask = 2147483647;
			files = (
				CE028D6B1C9982B800002F08 /* GHRealmBaseObject.m in Sources */,
				CE028D671C9982B800002F08 /* NSMutableArray+GHExtend.m in Sources */,
				CE028D731C9982B800002F08 /* GHSessionTask.m in Sources */,
				CE028D791C9982B800002F08 /* GHStatistics.m in Sources */,
				CED354A81C853FFE0017822D /* SubjectDay.m in Sources */,
				CED354A11C853FDA0017822D /* DatasObj.m in Sources */,
				CE028D781C9982B800002F08 /* GHBaseFIleManage.m in Sources */,
				CE028D741C9982B800002F08 /* GHUploadSessionTask.m in Sources */,
				CE028D661C9982B800002F08 /* NSDictionary+GHExtend.m in Sources */,
				CED354A91C853FFE0017822D /* SubjectItem.m in Sources */,
				CE028D6C1C9982B800002F08 /* GHRLMRealm.m in Sources */,
				CED3549D1C853F5E0017822D /* ViewController.m in Sources */,
				CE028D771C9982B800002F08 /* GHErrorLog.m in Sources */,
				CE028D641C9982B800002F08 /* NSArray+GHExtend.m in Sources */,
				CE028D6F1C9982B800002F08 /* GHViewModel.m in Sources */,
				CE028D651C9982B800002F08 /* NSData+GHExtend.m in Sources */,
				CE028D6A1C9982B800002F08 /* NSURL+GHExtend.m in Sources */,
				CE028D691C9982B800002F08 /* NSString+GHExtend.m in Sources */,
				CED3549E1C853F5E0017822D /* GHTestDemoViewModel.m in Sources */,
				CE028D701C9982B800002F08 /* NSObject+GHParserModel.m in Sources */,
				CED354AD1C8540160017822D /* Pagination.m in Sources */,
				CE028D751C9982B800002F08 /* GHErrorHandler.m in Sources */,
				CED354491C853EE00017822D /* main.m in Sources */,
				CED354AA1C853FFE0017822D /* SubjectList.m in Sources */,
				CE028D761C9982B800002F08 /* GHErrorHandlerUpload.m in Sources */,
				CE028D681C9982B800002F08 /* NSObject+GHExtend.m in Sources */,
				CE028D6D1C9982B800002F08 /* GHClassInfo.m in Sources */,
				CE028D6E1C9982B800002F08 /* GHModel.m in Sources */,
				CE028D631C9982B800002F08 /* GHExtend.m in Sources */,
				CED354441C853EE00017822D /* AppDelegate.m in Sources */,
				CE028D711C9982B800002F08 /* GHNetwork.m in Sources */,
				CE028D721C9982B800002F08 /* GHNetworkConfig.m in Sources */,
			);
			runOnlyForDeploymentPostprocessing = 0;
		};
		AB0C0E8B1C7C95F2000CB7AD /* Sources */ = {
			isa = PBXSourcesBuildPhase;
			buildActionMask = 2147483647;
			files = (
				AB0C0E941C7C95F2000CB7AD /* GHZeusLibrariesTests.m in Sources */,
			);
			runOnlyForDeploymentPostprocessing = 0;
		};
		AB0C0E961C7C95F2000CB7AD /* Sources */ = {
			isa = PBXSourcesBuildPhase;
			buildActionMask = 2147483647;
			files = (
				AB0C0E9F1C7C95F2000CB7AD /* GHZeusLibrariesUITests.m in Sources */,
			);
			runOnlyForDeploymentPostprocessing = 0;
		};
/* End PBXSourcesBuildPhase section */

/* Begin PBXTargetDependency section */
		AB0C0E911C7C95F2000CB7AD /* PBXTargetDependency */ = {
			isa = PBXTargetDependency;
			target = AB0C0E751C7C95F2000CB7AD /* GHZeusLibraries */;
			targetProxy = AB0C0E901C7C95F2000CB7AD /* PBXContainerItemProxy */;
		};
		AB0C0E9C1C7C95F2000CB7AD /* PBXTargetDependency */ = {
			isa = PBXTargetDependency;
			target = AB0C0E751C7C95F2000CB7AD /* GHZeusLibraries */;
			targetProxy = AB0C0E9B1C7C95F2000CB7AD /* PBXContainerItemProxy */;
		};
/* End PBXTargetDependency section */

/* Begin PBXVariantGroup section */
		CED3543C1C853EE00017822D /* LaunchScreen.storyboard */ = {
			isa = PBXVariantGroup;
			children = (
				CED3543D1C853EE00017822D /* Base */,
			);
			name = LaunchScreen.storyboard;
			sourceTree = "<group>";
		};
		CED3543E1C853EE00017822D /* Main.storyboard */ = {
			isa = PBXVariantGroup;
			children = (
				CED3543F1C853EE00017822D /* Base */,
			);
			name = Main.storyboard;
			sourceTree = "<group>";
		};
/* End PBXVariantGroup section */

/* Begin XCBuildConfiguration section */
		AB0C0EA11C7C95F2000CB7AD /* Debug */ = {
			isa = XCBuildConfiguration;
			buildSettings = {
				ALWAYS_SEARCH_USER_PATHS = NO;
				CLANG_CXX_LANGUAGE_STANDARD = "gnu++0x";
				CLANG_CXX_LIBRARY = "libc++";
				CLANG_ENABLE_MODULES = YES;
				CLANG_ENABLE_OBJC_ARC = YES;
				CLANG_WARN_BOOL_CONVERSION = YES;
				CLANG_WARN_CONSTANT_CONVERSION = YES;
				CLANG_WARN_DIRECT_OBJC_ISA_USAGE = YES_ERROR;
				CLANG_WARN_EMPTY_BODY = YES;
				CLANG_WARN_ENUM_CONVERSION = YES;
				CLANG_WARN_INT_CONVERSION = YES;
				CLANG_WARN_OBJC_ROOT_CLASS = YES_ERROR;
				CLANG_WARN_UNREACHABLE_CODE = YES;
				CLANG_WARN__DUPLICATE_METHOD_MATCH = YES;
				"CODE_SIGN_IDENTITY[sdk=iphoneos*]" = "iPhone Developer";
				COPY_PHASE_STRIP = NO;
				DEBUG_INFORMATION_FORMAT = dwarf;
				ENABLE_STRICT_OBJC_MSGSEND = YES;
				ENABLE_TESTABILITY = YES;
				GCC_C_LANGUAGE_STANDARD = gnu99;
				GCC_DYNAMIC_NO_PIC = NO;
				GCC_NO_COMMON_BLOCKS = YES;
				GCC_OPTIMIZATION_LEVEL = 0;
				GCC_PREPROCESSOR_DEFINITIONS = (
					"DEBUG=1",
					"$(inherited)",
				);
				GCC_WARN_64_TO_32_BIT_CONVERSION = YES;
				GCC_WARN_ABOUT_RETURN_TYPE = YES_ERROR;
				GCC_WARN_UNDECLARED_SELECTOR = YES;
				GCC_WARN_UNINITIALIZED_AUTOS = YES_AGGRESSIVE;
				GCC_WARN_UNUSED_FUNCTION = YES;
				GCC_WARN_UNUSED_VARIABLE = YES;
				IPHONEOS_DEPLOYMENT_TARGET = 9.2;
				MTL_ENABLE_DEBUG_INFO = YES;
				ONLY_ACTIVE_ARCH = YES;
				SDKROOT = iphoneos;
				TARGETED_DEVICE_FAMILY = "1,2";
			};
			name = Debug;
		};
		AB0C0EA21C7C95F2000CB7AD /* Release */ = {
			isa = XCBuildConfiguration;
			buildSettings = {
				ALWAYS_SEARCH_USER_PATHS = NO;
				CLANG_CXX_LANGUAGE_STANDARD = "gnu++0x";
				CLANG_CXX_LIBRARY = "libc++";
				CLANG_ENABLE_MODULES = YES;
				CLANG_ENABLE_OBJC_ARC = YES;
				CLANG_WARN_BOOL_CONVERSION = YES;
				CLANG_WARN_CONSTANT_CONVERSION = YES;
				CLANG_WARN_DIRECT_OBJC_ISA_USAGE = YES_ERROR;
				CLANG_WARN_EMPTY_BODY = YES;
				CLANG_WARN_ENUM_CONVERSION = YES;
				CLANG_WARN_INT_CONVERSION = YES;
				CLANG_WARN_OBJC_ROOT_CLASS = YES_ERROR;
				CLANG_WARN_UNREACHABLE_CODE = YES;
				CLANG_WARN__DUPLICATE_METHOD_MATCH = YES;
				"CODE_SIGN_IDENTITY[sdk=iphoneos*]" = "iPhone Developer";
				COPY_PHASE_STRIP = NO;
				DEBUG_INFORMATION_FORMAT = "dwarf-with-dsym";
				ENABLE_NS_ASSERTIONS = NO;
				ENABLE_STRICT_OBJC_MSGSEND = YES;
				GCC_C_LANGUAGE_STANDARD = gnu99;
				GCC_NO_COMMON_BLOCKS = YES;
				GCC_WARN_64_TO_32_BIT_CONVERSION = YES;
				GCC_WARN_ABOUT_RETURN_TYPE = YES_ERROR;
				GCC_WARN_UNDECLARED_SELECTOR = YES;
				GCC_WARN_UNINITIALIZED_AUTOS = YES_AGGRESSIVE;
				GCC_WARN_UNUSED_FUNCTION = YES;
				GCC_WARN_UNUSED_VARIABLE = YES;
				IPHONEOS_DEPLOYMENT_TARGET = 9.2;
				MTL_ENABLE_DEBUG_INFO = NO;
				SDKROOT = iphoneos;
				TARGETED_DEVICE_FAMILY = "1,2";
				VALIDATE_PRODUCT = YES;
			};
			name = Release;
		};
		AB0C0EA41C7C95F2000CB7AD /* Debug */ = {
			isa = XCBuildConfiguration;
			baseConfigurationReference = 2931352D3D472926A026421D /* Pods.debug.xcconfig */;
			buildSettings = {
				ASSETCATALOG_COMPILER_APPICON_NAME = AppIcon;
				FRAMEWORK_SEARCH_PATHS = (
					"$(inherited)",
					"$(PROJECT_DIR)/GHZeusLibraries/Framework",
				);
				INFOPLIST_FILE = GHZeusLibraries/Other/Info.plist;
				IPHONEOS_DEPLOYMENT_TARGET = 9.2;
				LD_RUNPATH_SEARCH_PATHS = "$(inherited) @executable_path/Frameworks";
				PRODUCT_BUNDLE_IDENTIFIER = com.collegepreapps.GHZeusLibraries;
				PRODUCT_NAME = "$(TARGET_NAME)";
			};
			name = Debug;
		};
		AB0C0EA51C7C95F2000CB7AD /* Release */ = {
			isa = XCBuildConfiguration;
			baseConfigurationReference = A7A7815F9F44B07D91E8A3DF /* Pods.release.xcconfig */;
			buildSettings = {
				ASSETCATALOG_COMPILER_APPICON_NAME = AppIcon;
				FRAMEWORK_SEARCH_PATHS = (
					"$(inherited)",
					"$(PROJECT_DIR)/GHZeusLibraries/Framework",
				);
				INFOPLIST_FILE = GHZeusLibraries/Other/Info.plist;
				IPHONEOS_DEPLOYMENT_TARGET = 9.2;
				LD_RUNPATH_SEARCH_PATHS = "$(inherited) @executable_path/Frameworks";
				PRODUCT_BUNDLE_IDENTIFIER = com.collegepreapps.GHZeusLibraries;
				PRODUCT_NAME = "$(TARGET_NAME)";
			};
			name = Release;
		};
		AB0C0EA71C7C95F2000CB7AD /* Debug */ = {
			isa = XCBuildConfiguration;
			buildSettings = {
				BUNDLE_LOADER = "$(TEST_HOST)";
				INFOPLIST_FILE = GHZeusLibrariesTests/Info.plist;
				LD_RUNPATH_SEARCH_PATHS = "$(inherited) @executable_path/Frameworks @loader_path/Frameworks";
				PRODUCT_BUNDLE_IDENTIFIER = com.collegepreapps.GHZeusLibrariesTests;
				PRODUCT_NAME = "$(TARGET_NAME)";
				TEST_HOST = "$(BUILT_PRODUCTS_DIR)/GHZeusLibraries.app/GHZeusLibraries";
			};
			name = Debug;
		};
		AB0C0EA81C7C95F2000CB7AD /* Release */ = {
			isa = XCBuildConfiguration;
			buildSettings = {
				BUNDLE_LOADER = "$(TEST_HOST)";
				INFOPLIST_FILE = GHZeusLibrariesTests/Info.plist;
				LD_RUNPATH_SEARCH_PATHS = "$(inherited) @executable_path/Frameworks @loader_path/Frameworks";
				PRODUCT_BUNDLE_IDENTIFIER = com.collegepreapps.GHZeusLibrariesTests;
				PRODUCT_NAME = "$(TARGET_NAME)";
				TEST_HOST = "$(BUILT_PRODUCTS_DIR)/GHZeusLibraries.app/GHZeusLibraries";
			};
			name = Release;
		};
		AB0C0EAA1C7C95F2000CB7AD /* Debug */ = {
			isa = XCBuildConfiguration;
			buildSettings = {
				INFOPLIST_FILE = GHZeusLibrariesUITests/Info.plist;
				LD_RUNPATH_SEARCH_PATHS = "$(inherited) @executable_path/Frameworks @loader_path/Frameworks";
				PRODUCT_BUNDLE_IDENTIFIER = com.collegepreapps.GHZeusLibrariesUITests;
				PRODUCT_NAME = "$(TARGET_NAME)";
				TEST_TARGET_NAME = GHZeusLibraries;
				USES_XCTRUNNER = YES;
			};
			name = Debug;
		};
		AB0C0EAB1C7C95F2000CB7AD /* Release */ = {
			isa = XCBuildConfiguration;
			buildSettings = {
				INFOPLIST_FILE = GHZeusLibrariesUITests/Info.plist;
				LD_RUNPATH_SEARCH_PATHS = "$(inherited) @executable_path/Frameworks @loader_path/Frameworks";
				PRODUCT_BUNDLE_IDENTIFIER = com.collegepreapps.GHZeusLibrariesUITests;
				PRODUCT_NAME = "$(TARGET_NAME)";
				TEST_TARGET_NAME = GHZeusLibraries;
				USES_XCTRUNNER = YES;
			};
			name = Release;
		};
/* End XCBuildConfiguration section */

/* Begin XCConfigurationList section */
		AB0C0E711C7C95F2000CB7AD /* Build configuration list for PBXProject "GHZeusLibraries" */ = {
			isa = XCConfigurationList;
			buildConfigurations = (
				AB0C0EA11C7C95F2000CB7AD /* Debug */,
				AB0C0EA21C7C95F2000CB7AD /* Release */,
			);
			defaultConfigurationIsVisible = 0;
			defaultConfigurationName = Release;
		};
		AB0C0EA31C7C95F2000CB7AD /* Build configuration list for PBXNativeTarget "GHZeusLibraries" */ = {
			isa = XCConfigurationList;
			buildConfigurations = (
				AB0C0EA41C7C95F2000CB7AD /* Debug */,
				AB0C0EA51C7C95F2000CB7AD /* Release */,
			);
			defaultConfigurationIsVisible = 0;
			defaultConfigurationName = Release;
		};
		AB0C0EA61C7C95F2000CB7AD /* Build configuration list for PBXNativeTarget "GHZeusLibrariesTests" */ = {
			isa = XCConfigurationList;
			buildConfigurations = (
				AB0C0EA71C7C95F2000CB7AD /* Debug */,
				AB0C0EA81C7C95F2000CB7AD /* Release */,
			);
			defaultConfigurationIsVisible = 0;
			defaultConfigurationName = Release;
		};
		AB0C0EA91C7C95F2000CB7AD /* Build configuration list for PBXNativeTarget "GHZeusLibrariesUITests" */ = {
			isa = XCConfigurationList;
			buildConfigurations = (
				AB0C0EAA1C7C95F2000CB7AD /* Debug */,
				AB0C0EAB1C7C95F2000CB7AD /* Release */,
			);
			defaultConfigurationIsVisible = 0;
			defaultConfigurationName = Release;
		};
/* End XCConfigurationList section */
	};
	rootObject = AB0C0E6E1C7C95F2000CB7AD /* Project object */;
}
